# Code generated by scarb DO NOT EDIT.
version = 1

[[package]]
name = "snforge_std"
version = "0.1.0"
source = "git+https://github.com/foundry-rs/starknet-foundry.git?tag=v0.9.1#da085bd11e1b151d0592f43917136560d9b70d37"

[[package]]
name = "tokei"
version = "0.1.0"
dependencies = [
 "snforge_std",
]
